
Microsoft Visual Studio Solution File, Format Version 11.00
# Visual C++ Express 2010
Project("{8BC9CEB8-8B4A-11D0-8D11-00A0C91BC942}") = "libmimix", "libmimix.vcxproj", "{C3EEB460-4EE7-4D35-815A-D2DFE41FFB0B}"
EndProject
Global
	GlobalSection(SolutionConfigurationPlatforms) = preSolution
		Debug|Win32 = Debug|Win32
		Release|Win32 = Release|Win32
	EndGlobalSection
	GlobalSection(ProjectConfigurationPlatforms) = postSolution
		{C3EEB460-4EE7-4D35-815A-D2DFE41FFB0B}.Debug|Win32.ActiveCfg = Debug|Win32
		{C3EEB460-4EE7-4D35-815A-D2DFE41FFB0B}.Debug|Win32.Build.0 = Debug|Win32
		{C3EEB460-4EE7-4D35-815A-D2DFE41FFB0B}.Release|Win32.ActiveCfg = Release|Win32
		{C3EEB460-4EE7-4D35-815A-D2DFE41FFB0B}.Release|Win32.Build.0 = Release|Win32
	EndGlobalSection
	GlobalSection(SolutionProperties) = preSolution
		HideSolutionNode = FALSE
	EndGlobalSection
EndGlobal
