<?xml version="1.0" encoding="utf-8"?>
<Project ToolsVersion="4.0" xmlns="http://schemas.microsoft.com/developer/msbuild/2003">
  <ItemGroup>
    <ClCompile Include="src\mx_base64.cpp" />
    <ClCompile Include="src\mx_basis.cpp" />
    <ClCompile Include="src\mx_buffer.cpp" />
    <ClCompile Include="src\mx_calc.cpp" />
    <ClCompile Include="src\mx_eval.cpp" />
    <ClCompile Include="src\mx_file.cpp" />
    <ClCompile Include="src\mx_ini.cpp" />
    <ClCompile Include="src\mx_lisp.cpp" />
    <ClCompile Include="src\mx_log.cpp" />
    <ClCompile Include="src\mx_math.cpp" />
    <ClCompile Include="src\mx_memory.cpp" />
    <ClCompile Include="src\mx_scramble.cpp" />
    <ClCompile Include="src\mx_sort.cpp" />
    <ClCompile Include="src\mx_split_string.cpp" />
    <ClCompile Include="src\mx_string.cpp" />
    <ClCompile Include="src\mx_string_list.cpp" />
    <ClCompile Include="src\mx_strlib.cpp" />
    <ClCompile Include="src\mx_strlib_sjis.cpp" />
    <ClCompile Include="src\mx_utils.cpp" />
    <ClCompile Include="src\mx_var.cpp" />
    <ClCompile Include="src\mx_w32.cpp" />
  </ItemGroup>
  <ItemGroup>
    <ClInclude Include="src\mx_base64.h" />
    <ClInclude Include="src\mx_basis.h" />
    <ClInclude Include="src\mx_buffer.h" />
    <ClInclude Include="src\mx_file.h" />
    <ClInclude Include="src\mx_ini.h" />
    <ClInclude Include="src\mx_lisp.h" />
    <ClInclude Include="src\mx_log.h" />
    <ClInclude Include="src\mx_math.h" />
    <ClInclude Include="src\mx_memory.h" />
    <ClInclude Include="src\mx_ringbuffer.h" />
    <ClInclude Include="src\mx_scramble.h" />
    <ClInclude Include="src\mx_sort.h" />
    <ClInclude Include="src\mx_split_string.h" />
    <ClInclude Include="src\mx_string.h" />
    <ClInclude Include="src\mx_string_list.h" />
    <ClInclude Include="src\mx_strlib.h" />
    <ClInclude Include="src\mx_strlib_sjis.h" />
    <ClInclude Include="src\mx_types.h" />
    <ClInclude Include="src\mx_utils.h" />
    <ClInclude Include="src\mx_var.h" />
    <ClInclude Include="src\mx_vector.hpp" />
    <ClInclude Include="src\mx_vector_map.hpp" />
    <ClInclude Include="src\mx_w32.h" />
  </ItemGroup>
</Project>